
Microsoft Visual Studio Solution File, Format Version 12.00
# Visual Studio Version 16
VisualStudioVersion = 16.0.31402.337
MinimumVisualStudioVersion = 10.0.40219.1
Project("{FAE04EC0-301F-11D3-BF4B-00C04F79EFBC}") = "sistemalogin", "sistemalogin\sistemalogin.csproj", "{2C45B521-69E5-4AF8-AF2C-DFD5892F75F9}"
EndProject
Global
	GlobalSection(SolutionConfigurationPlatforms) = preSolution
		Debug|Any CPU = Debug|Any CPU
		Release|Any CPU = Release|Any CPU
	EndGlobalSection
	GlobalSection(ProjectConfigurationPlatforms) = postSolution
		{2C45B521-69E5-4AF8-AF2C-DFD5892F75F9}.Debug|Any CPU.ActiveCfg = Debug|Any CPU
		{2C45B521-69E5-4AF8-AF2C-DFD5892F75F9}.Debug|Any CPU.Build.0 = Debug|Any CPU
		{2C45B521-69E5-4AF8-AF2C-DFD5892F75F9}.Release|Any CPU.ActiveCfg = Release|Any CPU
		{2C45B521-69E5-4AF8-AF2C-DFD5892F75F9}.Release|Any CPU.Build.0 = Release|Any CPU
	EndGlobalSection
	GlobalSection(SolutionProperties) = preSolution
		HideSolutionNode = FALSE
	EndGlobalSection
	GlobalSection(ExtensibilityGlobals) = postSolution
		SolutionGuid = {AD275800-662F-4379-A4B0-0251C48EFE58}
	EndGlobalSection
EndGlobal
